
Microsoft Visual Studio Solution File, Format Version 12.00
# Visual Studio Version 16
VisualStudioVersion = 16.0.33801.447
MinimumVisualStudioVersion = 10.0.40219.1
Project("{FAE04EC0-301F-11D3-BF4B-00C04F79EFBC}") = "zusesys", "zusesys.csproj", "{9E932BE5-7CB3-4AA0-BD08-3EA83C32554F}"
EndProject
Project("{FAE04EC0-301F-11D3-BF4B-00C04F79EFBC}") = "MVC", "..\MVC\MVC.csproj", "{4BE6994F-59D9-4780-97D7-F6645CE1ABE5}"
EndProject
Global
	GlobalSection(SolutionConfigurationPlatforms) = preSolution
		Debug|Any CPU = Debug|Any CPU
		Release|Any CPU = Release|Any CPU
	EndGlobalSection
	GlobalSection(ProjectConfigurationPlatforms) = postSolution
		{9E932BE5-7CB3-4AA0-BD08-3EA83C32554F}.Debug|Any CPU.ActiveCfg = Debug|Any CPU
		{9E932BE5-7CB3-4AA0-BD08-3EA83C32554F}.Debug|Any CPU.Build.0 = Debug|Any CPU
		{9E932BE5-7CB3-4AA0-BD08-3EA83C32554F}.Release|Any CPU.ActiveCfg = Release|Any CPU
		{9E932BE5-7CB3-4AA0-BD08-3EA83C32554F}.Release|Any CPU.Build.0 = Release|Any CPU
		{4BE6994F-59D9-4780-97D7-F6645CE1ABE5}.Debug|Any CPU.ActiveCfg = Debug|Any CPU
		{4BE6994F-59D9-4780-97D7-F6645CE1ABE5}.Debug|Any CPU.Build.0 = Debug|Any CPU
		{4BE6994F-59D9-4780-97D7-F6645CE1ABE5}.Release|Any CPU.ActiveCfg = Release|Any CPU
		{4BE6994F-59D9-4780-97D7-F6645CE1ABE5}.Release|Any CPU.Build.0 = Release|Any CPU
	EndGlobalSection
	GlobalSection(SolutionProperties) = preSolution
		HideSolutionNode = FALSE
	EndGlobalSection
	GlobalSection(ExtensibilityGlobals) = postSolution
		SolutionGuid = {30C7E081-713A-4625-B58B-9FC6855B0E65}
	EndGlobalSection
EndGlobal
